
Microsoft Visual Studio Solution File, Format Version 12.00
# Visual Studio Version 17
VisualStudioVersion = 17.11.35222.181
MinimumVisualStudioVersion = 10.0.40219.1
Project("{FAE04EC0-301F-11D3-BF4B-00C04F79EFBC}") = "Stocks.Domain", "Stocks.Domain\Stocks.Domain.csproj", "{4A68CC2C-0E04-4F6C-B322-9140E68E4EBF}"
EndProject
Project("{FAE04EC0-301F-11D3-BF4B-00C04F79EFBC}") = "Stocks.WEB", "Stocks.WEB\Stocks.WEB\Stocks.WEB.csproj", "{9C32E0D9-B686-41DA-BFFB-B4E1A3BF81B1}"
EndProject
Project("{FAE04EC0-301F-11D3-BF4B-00C04F79EFBC}") = "Stocks.WEB.Client", "Stocks.WEB\Stocks.WEB.Client\Stocks.WEB.Client.csproj", "{4321FBAD-C31F-4786-9317-532504D9EA5B}"
EndProject
Global
	GlobalSection(SolutionConfigurationPlatforms) = preSolution
		Debug|Any CPU = Debug|Any CPU
		Release|Any CPU = Release|Any CPU
	EndGlobalSection
	GlobalSection(ProjectConfigurationPlatforms) = postSolution
		{4A68CC2C-0E04-4F6C-B322-9140E68E4EBF}.Debug|Any CPU.ActiveCfg = Debug|Any CPU
		{4A68CC2C-0E04-4F6C-B322-9140E68E4EBF}.Debug|Any CPU.Build.0 = Debug|Any CPU
		{4A68CC2C-0E04-4F6C-B322-9140E68E4EBF}.Release|Any CPU.ActiveCfg = Release|Any CPU
		{4A68CC2C-0E04-4F6C-B322-9140E68E4EBF}.Release|Any CPU.Build.0 = Release|Any CPU
		{9C32E0D9-B686-41DA-BFFB-B4E1A3BF81B1}.Debug|Any CPU.ActiveCfg = Debug|Any CPU
		{9C32E0D9-B686-41DA-BFFB-B4E1A3BF81B1}.Debug|Any CPU.Build.0 = Debug|Any CPU
		{9C32E0D9-B686-41DA-BFFB-B4E1A3BF81B1}.Release|Any CPU.ActiveCfg = Release|Any CPU
		{9C32E0D9-B686-41DA-BFFB-B4E1A3BF81B1}.Release|Any CPU.Build.0 = Release|Any CPU
		{4321FBAD-C31F-4786-9317-532504D9EA5B}.Debug|Any CPU.ActiveCfg = Debug|Any CPU
		{4321FBAD-C31F-4786-9317-532504D9EA5B}.Debug|Any CPU.Build.0 = Debug|Any CPU
		{4321FBAD-C31F-4786-9317-532504D9EA5B}.Release|Any CPU.ActiveCfg = Release|Any CPU
		{4321FBAD-C31F-4786-9317-532504D9EA5B}.Release|Any CPU.Build.0 = Release|Any CPU
	EndGlobalSection
	GlobalSection(SolutionProperties) = preSolution
		HideSolutionNode = FALSE
	EndGlobalSection
	GlobalSection(ExtensibilityGlobals) = postSolution
		SolutionGuid = {9B6BFDF5-84C2-400B-8AB5-B556461C98A4}
	EndGlobalSection
EndGlobal
